
Microsoft Visual Studio Solution File, Format Version 12.00
# Visual Studio 15
VisualStudioVersion = 15.0.26730.15
MinimumVisualStudioVersion = 10.0.40219.1
Project("{FAE04EC0-301F-11D3-BF4B-00C04F79EFBC}") = "AsyncAndAwaitDemo", "AsyncAndAwaitDemo\AsyncAndAwaitDemo.csproj", "{12281B80-6E90-469F-96A6-BF3AEF7A44AA}"
EndProject
Global
	GlobalSection(SolutionConfigurationPlatforms) = preSolution
		Debug|Any CPU = Debug|Any CPU
		Release|Any CPU = Release|Any CPU
	EndGlobalSection
	GlobalSection(ProjectConfigurationPlatforms) = postSolution
		{12281B80-6E90-469F-96A6-BF3AEF7A44AA}.Debug|Any CPU.ActiveCfg = Debug|Any CPU
		{12281B80-6E90-469F-96A6-BF3AEF7A44AA}.Debug|Any CPU.Build.0 = Debug|Any CPU
		{12281B80-6E90-469F-96A6-BF3AEF7A44AA}.Release|Any CPU.ActiveCfg = Release|Any CPU
		{12281B80-6E90-469F-96A6-BF3AEF7A44AA}.Release|Any CPU.Build.0 = Release|Any CPU
	EndGlobalSection
	GlobalSection(SolutionProperties) = preSolution
		HideSolutionNode = FALSE
	EndGlobalSection
	GlobalSection(ExtensibilityGlobals) = postSolution
		SolutionGuid = {11BC69C4-85DF-4541-91A6-3D2C09F60ADE}
	EndGlobalSection
EndGlobal
